// !$*UTF8*$!
{
	archiveVersion = 1;
	classes = {
	};
	objectVersion = 48;
	objects = {

/* Begin PBXBuildFile section */
		849647462028FF2A00F4B3B4 /* AppDelegate.swift in Sources */ = {isa = PBXBuildFile; fileRef = 849647452028FF2A00F4B3B4 /* AppDelegate.swift */; };
		849647482028FF2A00F4B3B4 /* ViewController.swift in Sources */ = {isa = PBXBuildFile; fileRef = 849647472028FF2A00F4B3B4 /* ViewController.swift */; };
		8496474B2028FF2A00F4B3B4 /* Main.storyboard in Resources */ = {isa = PBXBuildFile; fileRef = 849647492028FF2A00F4B3B4 /* Main.storyboard */; };
		8496474D2028FF2A00F4B3B4 /* Assets.xcassets in Resources */ = {isa = PBXBuildFile; fileRef = 8496474C2028FF2A00F4B3B4 /* Assets.xcassets */; };
		849647502028FF2A00F4B3B4 /* LaunchScreen.storyboard in Resources */ = {isa = PBXBuildFile; fileRef = 8496474E2028FF2A00F4B3B4 /* LaunchScreen.storyboard */; };
		8496475B2028FF2B00F4B3B4 /* RolodexAppTests.swift in Sources */ = {isa = PBXBuildFile; fileRef = 8496475A2028FF2B00F4B3B4 /* RolodexAppTests.swift */; };
		849647662028FF2B00F4B3B4 /* RolodexAppUITests.swift in Sources */ = {isa = PBXBuildFile; fileRef = 849647652028FF2B00F4B3B4 /* RolodexAppUITests.swift */; };
		849647772029049C00F4B3B4 /* Person.swift in Sources */ = {isa = PBXBuildFile; fileRef = 849647762029049C00F4B3B4 /* Person.swift */; };
		84964779202907C700F4B3B4 /* DataSourceHelper.swift in Sources */ = {isa = PBXBuildFile; fileRef = 84964778202907C700F4B3B4 /* DataSourceHelper.swift */; };
		8496477B2029106300F4B3B4 /* PersonCell.swift in Sources */ = {isa = PBXBuildFile; fileRef = 8496477A2029106300F4B3B4 /* PersonCell.swift */; };
		8496477D20291FCC00F4B3B4 /* PersonDetails.swift in Sources */ = {isa = PBXBuildFile; fileRef = 8496477C20291FCC00F4B3B4 /* PersonDetails.swift */; };
		8CCA9EA297F6926227F15E5E /* Pods_RolodexAppTests.framework in Frameworks */ = {isa = PBXBuildFile; fileRef = B07C76BEDC568E53F5F3157D /* Pods_RolodexAppTests.framework */; };
		AB2A8BB344F423CDEC4CAB97 /* Pods_RolodexAppUITests.framework in Frameworks */ = {isa = PBXBuildFile; fileRef = 26A4327FEBFCFF362A40F0CC /* Pods_RolodexAppUITests.framework */; };
		C5BA121C5BFBF9287ACF7AA1 /* Pods_RolodexApp.framework in Frameworks */ = {isa = PBXBuildFile; fileRef = E8A4BEDFF9FB4AA55517E5F4 /* Pods_RolodexApp.framework */; };
/* End PBXBuildFile section */

/* Begin PBXContainerItemProxy section */
		849647572028FF2B00F4B3B4 /* PBXContainerItemProxy */ = {
			isa = PBXContainerItemProxy;
			containerPortal = 8496473A2028FF2A00F4B3B4 /* Project object */;
			proxyType = 1;
			remoteGlobalIDString = 849647412028FF2A00F4B3B4;
			remoteInfo = RolodexApp;
		};
		849647622028FF2B00F4B3B4 /* PBXContainerItemProxy */ = {
			isa = PBXContainerItemProxy;
			containerPortal = 8496473A2028FF2A00F4B3B4 /* Project object */;
			proxyType = 1;
			remoteGlobalIDString = 849647412028FF2A00F4B3B4;
			remoteInfo = RolodexApp;
		};
/* End PBXContainerItemProxy section */

/* Begin PBXFileReference section */
		26A4327FEBFCFF362A40F0CC /* Pods_RolodexAppUITests.framework */ = {isa = PBXFileReference; explicitFileType = wrapper.framework; includeInIndex = 0; path = Pods_RolodexAppUITests.framework; sourceTree = BUILT_PRODUCTS_DIR; };
		66A1F79DA7A07868A1B13BF0 /* Pods-RolodexAppTests.release.xcconfig */ = {isa = PBXFileReference; includeInIndex = 1; lastKnownFileType = text.xcconfig; name = "Pods-RolodexAppTests.release.xcconfig"; path = "Pods/Target Support Files/Pods-RolodexAppTests/Pods-RolodexAppTests.release.xcconfig"; sourceTree = "<group>"; };
		760C370CD75771CCEC1BD046 /* Pods-RolodexAppUITests.release.xcconfig */ = {isa = PBXFileReference; includeInIndex = 1; lastKnownFileType = text.xcconfig; name = "Pods-RolodexAppUITests.release.xcconfig"; path = "Pods/Target Support Files/Pods-RolodexAppUITests/Pods-RolodexAppUITests.release.xcconfig"; sourceTree = "<group>"; };
		849647422028FF2A00F4B3B4 /* RolodexApp.app */ = {isa = PBXFileReference; explicitFileType = wrapper.application; includeInIndex = 0; path = RolodexApp.app; sourceTree = BUILT_PRODUCTS_DIR; };
		849647452028FF2A00F4B3B4 /* AppDelegate.swift */ = {isa = PBXFileReference; lastKnownFileType = sourcecode.swift; path = AppDelegate.swift; sourceTree = "<group>"; };
		849647472028FF2A00F4B3B4 /* ViewController.swift */ = {isa = PBXFileReference; lastKnownFileType = sourcecode.swift; path = ViewController.swift; sourceTree = "<group>"; };
		8496474A2028FF2A00F4B3B4 /* Base */ = {isa = PBXFileReference; lastKnownFileType = file.storyboard; name = Base; path = Base.lproj/Main.storyboard; sourceTree = "<group>"; };
		8496474C2028FF2A00F4B3B4 /* Assets.xcassets */ = {isa = PBXFileReference; lastKnownFileType = folder.assetcatalog; path = Assets.xcassets; sourceTree = "<group>"; };
		8496474F2028FF2A00F4B3B4 /* Base */ = {isa = PBXFileReference; lastKnownFileType = file.storyboard; name = Base; path = Base.lproj/LaunchScreen.storyboard; sourceTree = "<group>"; };
		849647512028FF2A00F4B3B4 /* Info.plist */ = {isa = PBXFileReference; lastKnownFileType = text.plist.xml; path = Info.plist; sourceTree = "<group>"; };
		849647562028FF2B00F4B3B4 /* RolodexAppTests.xctest */ = {isa = PBXFileReference; explicitFileType = wrapper.cfbundle; includeInIndex = 0; path = RolodexAppTests.xctest; sourceTree = BUILT_PRODUCTS_DIR; };
		8496475A2028FF2B00F4B3B4 /* RolodexAppTests.swift */ = {isa = PBXFileReference; lastKnownFileType = sourcecode.swift; path = RolodexAppTests.swift; sourceTree = "<group>"; };
		8496475C2028FF2B00F4B3B4 /* Info.plist */ = {isa = PBXFileReference; lastKnownFileType = text.plist.xml; path = Info.plist; sourceTree = "<group>"; };
		849647612028FF2B00F4B3B4 /* RolodexAppUITests.xctest */ = {isa = PBXFileReference; explicitFileType = wrapper.cfbundle; includeInIndex = 0; path = RolodexAppUITests.xctest; sourceTree = BUILT_PRODUCTS_DIR; };
		849647652028FF2B00F4B3B4 /* RolodexAppUITests.swift */ = {isa = PBXFileReference; lastKnownFileType = sourcecode.swift; path = RolodexAppUITests.swift; sourceTree = "<group>"; };
		849647672028FF2B00F4B3B4 /* Info.plist */ = {isa = PBXFileReference; lastKnownFileType = text.plist.xml; path = Info.plist; sourceTree = "<group>"; };
		849647762029049C00F4B3B4 /* Person.swift */ = {isa = PBXFileReference; lastKnownFileType = sourcecode.swift; path = Person.swift; sourceTree = "<group>"; };
		84964778202907C700F4B3B4 /* DataSourceHelper.swift */ = {isa = PBXFileReference; lastKnownFileType = sourcecode.swift; path = DataSourceHelper.swift; sourceTree = "<group>"; };
		8496477A2029106300F4B3B4 /* PersonCell.swift */ = {isa = PBXFileReference; lastKnownFileType = sourcecode.swift; path = PersonCell.swift; sourceTree = "<group>"; };
		8496477C20291FCC00F4B3B4 /* PersonDetails.swift */ = {isa = PBXFileReference; lastKnownFileType = sourcecode.swift; path = PersonDetails.swift; sourceTree = "<group>"; };
		8CE7C3E965235A24CE1A4754 /* Pods-RolodexApp.release.xcconfig */ = {isa = PBXFileReference; includeInIndex = 1; lastKnownFileType = text.xcconfig; name = "Pods-RolodexApp.release.xcconfig"; path = "Pods/Target Support Files/Pods-RolodexApp/Pods-RolodexApp.release.xcconfig"; sourceTree = "<group>"; };
		B07C76BEDC568E53F5F3157D /* Pods_RolodexAppTests.framework */ = {isa = PBXFileReference; explicitFileType = wrapper.framework; includeInIndex = 0; path = Pods_RolodexAppTests.framework; sourceTree = BUILT_PRODUCTS_DIR; };
		CAFDBEC587E34329769D9394 /* Pods-RolodexApp.debug.xcconfig */ = {isa = PBXFileReference; includeInIndex = 1; lastKnownFileType = text.xcconfig; name = "Pods-RolodexApp.debug.xcconfig"; path = "Pods/Target Support Files/Pods-RolodexApp/Pods-RolodexApp.debug.xcconfig"; sourceTree = "<group>"; };
		CDE581DF9335A8C9E1C309A1 /* Pods-RolodexAppUITests.debug.xcconfig */ = {isa = PBXFileReference; includeInIndex = 1; lastKnownFileType = text.xcconfig; name = "Pods-RolodexAppUITests.debug.xcconfig"; path = "Pods/Target Support Files/Pods-RolodexAppUITests/Pods-RolodexAppUITests.debug.xcconfig"; sourceTree = "<group>"; };
		E8A4BEDFF9FB4AA55517E5F4 /* Pods_RolodexApp.framework */ = {isa = PBXFileReference; explicitFileType = wrapper.framework; includeInIndex = 0; path = Pods_RolodexApp.framework; sourceTree = BUILT_PRODUCTS_DIR; };
		F630E38B58D5ACCD25643786 /* Pods-RolodexAppTests.debug.xcconfig */ = {isa = PBXFileReference; includeInIndex = 1; lastKnownFileType = text.xcconfig; name = "Pods-RolodexAppTests.debug.xcconfig"; path = "Pods/Target Support Files/Pods-RolodexAppTests/Pods-RolodexAppTests.debug.xcconfig"; sourceTree = "<group>"; };
/* End PBXFileReference section */

/* Begin PBXFrameworksBuildPhase section */
		8496473F2028FF2A00F4B3B4 /* Frameworks */ = {
			isa = PBXFrameworksBuildPhase;
			buildActionMask = 2147483647;
			files = (
				C5BA121C5BFBF9287ACF7AA1 /* Pods_RolodexApp.framework in Frameworks */,
			);
			runOnlyForDeploymentPostprocessing = 0;
		};
		849647532028FF2B00F4B3B4 /* Frameworks */ = {
			isa = PBXFrameworksBuildPhase;
			buildActionMask = 2147483647;
			files = (
				8CCA9EA297F6926227F15E5E /* Pods_RolodexAppTests.framework in Frameworks */,
			);
			runOnlyForDeploymentPostprocessing = 0;
		};
		8496475E2028FF2B00F4B3B4 /* Frameworks */ = {
			isa = PBXFrameworksBuildPhase;
			buildActionMask = 2147483647;
			files = (
				AB2A8BB344F423CDEC4CAB97 /* Pods_RolodexAppUITests.framework in Frameworks */,
			);
			runOnlyForDeploymentPostprocessing = 0;
		};
/* End PBXFrameworksBuildPhase section */

/* Begin PBXGroup section */
		849647392028FF2A00F4B3B4 = {
			isa = PBXGroup;
			children = (
				849647442028FF2A00F4B3B4 /* RolodexApp */,
				849647592028FF2B00F4B3B4 /* RolodexAppTests */,
				849647642028FF2B00F4B3B4 /* RolodexAppUITests */,
				849647432028FF2A00F4B3B4 /* Products */,
				869DEBA6CE59CB5DDEEBF179 /* Pods */,
				BC5FCEC22995C44A62DF656D /* Frameworks */,
			);
			sourceTree = "<group>";
		};
		849647432028FF2A00F4B3B4 /* Products */ = {
			isa = PBXGroup;
			children = (
				849647422028FF2A00F4B3B4 /* RolodexApp.app */,
				849647562028FF2B00F4B3B4 /* RolodexAppTests.xctest */,
				849647612028FF2B00F4B3B4 /* RolodexAppUITests.xctest */,
			);
			name = Products;
			sourceTree = "<group>";
		};
		849647442028FF2A00F4B3B4 /* RolodexApp */ = {
			isa = PBXGroup;
			children = (
				849647752029005500F4B3B4 /* Model */,
				849647742029005200F4B3B4 /* View */,
				849647732029004E00F4B3B4 /* Controller */,
				849647452028FF2A00F4B3B4 /* AppDelegate.swift */,
				849647492028FF2A00F4B3B4 /* Main.storyboard */,
				8496474C2028FF2A00F4B3B4 /* Assets.xcassets */,
				8496474E2028FF2A00F4B3B4 /* LaunchScreen.storyboard */,
				849647512028FF2A00F4B3B4 /* Info.plist */,
			);
			path = RolodexApp;
			sourceTree = "<group>";
		};
		849647592028FF2B00F4B3B4 /* RolodexAppTests */ = {
			isa = PBXGroup;
			children = (
				8496475A2028FF2B00F4B3B4 /* RolodexAppTests.swift */,
				8496475C2028FF2B00F4B3B4 /* Info.plist */,
			);
			path = RolodexAppTests;
			sourceTree = "<group>";
		};
		849647642028FF2B00F4B3B4 /* RolodexAppUITests */ = {
			isa = PBXGroup;
			children = (
				849647652028FF2B00F4B3B4 /* RolodexAppUITests.swift */,
				849647672028FF2B00F4B3B4 /* Info.plist */,
			);
			path = RolodexAppUITests;
			sourceTree = "<group>";
		};
		849647732029004E00F4B3B4 /* Controller */ = {
			isa = PBXGroup;
			children = (
				849647472028FF2A00F4B3B4 /* ViewController.swift */,
				8496477C20291FCC00F4B3B4 /* PersonDetails.swift */,
			);
			path = Controller;
			sourceTree = "<group>";
		};
		849647742029005200F4B3B4 /* View */ = {
			isa = PBXGroup;
			children = (
				8496477A2029106300F4B3B4 /* PersonCell.swift */,
			);
			path = View;
			sourceTree = "<group>";
		};
		849647752029005500F4B3B4 /* Model */ = {
			isa = PBXGroup;
			children = (
				849647762029049C00F4B3B4 /* Person.swift */,
				84964778202907C700F4B3B4 /* DataSourceHelper.swift */,
			);
			path = Model;
			sourceTree = "<group>";
		};
		869DEBA6CE59CB5DDEEBF179 /* Pods */ = {
			isa = PBXGroup;
			children = (
				CAFDBEC587E34329769D9394 /* Pods-RolodexApp.debug.xcconfig */,
				8CE7C3E965235A24CE1A4754 /* Pods-RolodexApp.release.xcconfig */,
				F630E38B58D5ACCD25643786 /* Pods-RolodexAppTests.debug.xcconfig */,
				66A1F79DA7A07868A1B13BF0 /* Pods-RolodexAppTests.release.xcconfig */,
				CDE581DF9335A8C9E1C309A1 /* Pods-RolodexAppUITests.debug.xcconfig */,
				760C370CD75771CCEC1BD046 /* Pods-RolodexAppUITests.release.xcconfig */,
			);
			name = Pods;
			sourceTree = "<group>";
		};
		BC5FCEC22995C44A62DF656D /* Frameworks */ = {
			isa = PBXGroup;
			children = (
				E8A4BEDFF9FB4AA55517E5F4 /* Pods_RolodexApp.framework */,
				B07C76BEDC568E53F5F3157D /* Pods_RolodexAppTests.framework */,
				26A4327FEBFCFF362A40F0CC /* Pods_RolodexAppUITests.framework */,
			);
			name = Frameworks;
			sourceTree = "<group>";
		};
/* End PBXGroup section */

/* Begin PBXNativeTarget section */
		849647412028FF2A00F4B3B4 /* RolodexApp */ = {
			isa = PBXNativeTarget;
			buildConfigurationList = 8496476A2028FF2B00F4B3B4 /* Build configuration list for PBXNativeTarget "RolodexApp" */;
			buildPhases = (
				7408C43A41F7F124FDFDF14F /* [CP] Check Pods Manifest.lock */,
				8496473E2028FF2A00F4B3B4 /* Sources */,
				8496473F2028FF2A00F4B3B4 /* Frameworks */,
				849647402028FF2A00F4B3B4 /* Resources */,
				322BAC4677882B9798FECBEB /* [CP] Embed Pods Frameworks */,
				ABDC0BFA7B2EDCB51F120A60 /* [CP] Copy Pods Resources */,
			);
			buildRules = (
			);
			dependencies = (
			);
			name = RolodexApp;
			productName = RolodexApp;
			productReference = 849647422028FF2A00F4B3B4 /* RolodexApp.app */;
			productType = "com.apple.product-type.application";
		};
		849647552028FF2B00F4B3B4 /* RolodexAppTests */ = {
			isa = PBXNativeTarget;
			buildConfigurationList = 8496476D2028FF2B00F4B3B4 /* Build configuration list for PBXNativeTarget "RolodexAppTests" */;
			buildPhases = (
				83FEF56916A73C768755B4A0 /* [CP] Check Pods Manifest.lock */,
				849647522028FF2B00F4B3B4 /* Sources */,
				849647532028FF2B00F4B3B4 /* Frameworks */,
				849647542028FF2B00F4B3B4 /* Resources */,
				5C1BFBBDD0EC91E262306FCC /* [CP] Embed Pods Frameworks */,
				773435E9AC52C6133C49E97D /* [CP] Copy Pods Resources */,
			);
			buildRules = (
			);
			dependencies = (
				849647582028FF2B00F4B3B4 /* PBXTargetDependency */,
			);
			name = RolodexAppTests;
			productName = RolodexAppTests;
			productReference = 849647562028FF2B00F4B3B4 /* RolodexAppTests.xctest */;
			productType = "com.apple.product-type.bundle.unit-test";
		};
		849647602028FF2B00F4B3B4 /* RolodexAppUITests */ = {
			isa = PBXNativeTarget;
			buildConfigurationList = 849647702028FF2B00F4B3B4 /* Build configuration list for PBXNativeTarget "RolodexAppUITests" */;
			buildPhases = (
				C9CE92DE05D749EB8D3B93E9 /* [CP] Check Pods Manifest.lock */,
				8496475D2028FF2B00F4B3B4 /* Sources */,
				8496475E2028FF2B00F4B3B4 /* Frameworks */,
				8496475F2028FF2B00F4B3B4 /* Resources */,
				55485607AF146BF7236E3AB2 /* [CP] Embed Pods Frameworks */,
				B33E3DC2D93B72F4B0498B75 /* [CP] Copy Pods Resources */,
			);
			buildRules = (
			);
			dependencies = (
				849647632028FF2B00F4B3B4 /* PBXTargetDependency */,
			);
			name = RolodexAppUITests;
			productName = RolodexAppUITests;
			productReference = 849647612028FF2B00F4B3B4 /* RolodexAppUITests.xctest */;
			productType = "com.apple.product-type.bundle.ui-testing";
		};
/* End PBXNativeTarget section */

/* Begin PBXProject section */
		8496473A2028FF2A00F4B3B4 /* Project object */ = {
			isa = PBXProject;
			attributes = {
				LastSwiftUpdateCheck = 0920;
				LastUpgradeCheck = 0920;
				ORGANIZATIONNAME = "Ikjot Kaur";
				TargetAttributes = {
					849647412028FF2A00F4B3B4 = {
						CreatedOnToolsVersion = 9.2;
						ProvisioningStyle = Automatic;
					};
					849647552028FF2B00F4B3B4 = {
						CreatedOnToolsVersion = 9.2;
						ProvisioningStyle = Automatic;
						TestTargetID = 849647412028FF2A00F4B3B4;
					};
					849647602028FF2B00F4B3B4 = {
						CreatedOnToolsVersion = 9.2;
						ProvisioningStyle = Automatic;
						TestTargetID = 849647412028FF2A00F4B3B4;
					};
				};
			};
			buildConfigurationList = 8496473D2028FF2A00F4B3B4 /* Build configuration list for PBXProject "RolodexApp" */;
			compatibilityVersion = "Xcode 8.0";
			developmentRegion = en;
			hasScannedForEncodings = 0;
			knownRegions = (
				en,
				Base,
			);
			mainGroup = 849647392028FF2A00F4B3B4;
			productRefGroup = 849647432028FF2A00F4B3B4 /* Products */;
			projectDirPath = "";
			projectRoot = "";
			targets = (
				849647412028FF2A00F4B3B4 /* RolodexApp */,
				849647552028FF2B00F4B3B4 /* RolodexAppTests */,
				849647602028FF2B00F4B3B4 /* RolodexAppUITests */,
			);
		};
/* End PBXProject section */

/* Begin PBXResourcesBuildPhase section */
		849647402028FF2A00F4B3B4 /* Resources */ = {
			isa = PBXResourcesBuildPhase;
			buildActionMask = 2147483647;
			files = (
				849647502028FF2A00F4B3B4 /* LaunchScreen.storyboard in Resources */,
				8496474D2028FF2A00F4B3B4 /* Assets.xcassets in Resources */,
				8496474B2028FF2A00F4B3B4 /* Main.storyboard in Resources */,
			);
			runOnlyForDeploymentPostprocessing = 0;
		};
		849647542028FF2B00F4B3B4 /* Resources */ = {
			isa = PBXResourcesBuildPhase;
			buildActionMask = 2147483647;
			files = (
			);
			runOnlyForDeploymentPostprocessing = 0;
		};
		8496475F2028FF2B00F4B3B4 /* Resources */ = {
			isa = PBXResourcesBuildPhase;
			buildActionMask = 2147483647;
			files = (
			);
			runOnlyForDeploymentPostprocessing = 0;
		};
/* End PBXResourcesBuildPhase section */

/* Begin PBXShellScriptBuildPhase section */
		322BAC4677882B9798FECBEB /* [CP] Embed Pods Frameworks */ = {
			isa = PBXShellScriptBuildPhase;
			buildActionMask = 2147483647;
			files = (
			);
			inputPaths = (
				"${SRCROOT}/Pods/Target Support Files/Pods-RolodexApp/Pods-RolodexApp-frameworks.sh",
				"${BUILT_PRODUCTS_DIR}/Alamofire/Alamofire.framework",
				"${BUILT_PRODUCTS_DIR}/SwiftyJSON/SwiftyJSON.framework",
			);
			name = "[CP] Embed Pods Frameworks";
			outputPaths = (
				"${TARGET_BUILD_DIR}/${FRAMEWORKS_FOLDER_PATH}/Alamofire.framework",
				"${TARGET_BUILD_DIR}/${FRAMEWORKS_FOLDER_PATH}/SwiftyJSON.framework",
			);
			runOnlyForDeploymentPostprocessing = 0;
			shellPath = /bin/sh;
			shellScript = "\"${SRCROOT}/Pods/Target Support Files/Pods-RolodexApp/Pods-RolodexApp-frameworks.sh\"\n";
			showEnvVarsInLog = 0;
		};
		55485607AF146BF7236E3AB2 /* [CP] Embed Pods Frameworks */ = {
			isa = PBXShellScriptBuildPhase;
			buildActionMask = 2147483647;
			files = (
			);
			inputPaths = (
			);
			name = "[CP] Embed Pods Frameworks";
			outputPaths = (
			);
			runOnlyForDeploymentPostprocessing = 0;
			shellPath = /bin/sh;
			shellScript = "\"${SRCROOT}/Pods/Target Support Files/Pods-RolodexAppUITests/Pods-RolodexAppUITests-frameworks.sh\"\n";
			showEnvVarsInLog = 0;
		};
		5C1BFBBDD0EC91E262306FCC /* [CP] Embed Pods Frameworks */ = {
			isa = PBXShellScriptBuildPhase;
			buildActionMask = 2147483647;
			files = (
			);
			inputPaths = (
			);
			name = "[CP] Embed Pods Frameworks";
			outputPaths = (
			);
			runOnlyForDeploymentPostprocessing = 0;
			shellPath = /bin/sh;
			shellScript = "\"${SRCROOT}/Pods/Target Support Files/Pods-RolodexAppTests/Pods-RolodexAppTests-frameworks.sh\"\n";
			showEnvVarsInLog = 0;
		};
		7408C43A41F7F124FDFDF14F /* [CP] Check Pods Manifest.lock */ = {
			isa = PBXShellScriptBuildPhase;
			buildActionMask = 2147483647;
			files = (
			);
			inputPaths = (
				"${PODS_PODFILE_DIR_PATH}/Podfile.lock",
				"${PODS_ROOT}/Manifest.lock",
			);
			name = "[CP] Check Pods Manifest.lock";
			outputPaths = (
				"$(DERIVED_FILE_DIR)/Pods-RolodexApp-checkManifestLockResult.txt",
			);
			runOnlyForDeploymentPostprocessing = 0;
			shellPath = /bin/sh;
			shellScript = "diff \"${PODS_PODFILE_DIR_PATH}/Podfile.lock\" \"${PODS_ROOT}/Manifest.lock\" > /dev/null\nif [ $? != 0 ] ; then\n    # print error to STDERR\n    echo \"error: The sandbox is not in sync with the Podfile.lock. Run 'pod install' or update your CocoaPods installation.\" >&2\n    exit 1\nfi\n# This output is used by Xcode 'outputs' to avoid re-running this script phase.\necho \"SUCCESS\" > \"${SCRIPT_OUTPUT_FILE_0}\"\n";
			showEnvVarsInLog = 0;
		};
		773435E9AC52C6133C49E97D /* [CP] Copy Pods Resources */ = {
			isa = PBXShellScriptBuildPhase;
			buildActionMask = 2147483647;
			files = (
			);
			inputPaths = (
			);
			name = "[CP] Copy Pods Resources";
			outputPaths = (
			);
			runOnlyForDeploymentPostprocessing = 0;
			shellPath = /bin/sh;
			shellScript = "\"${SRCROOT}/Pods/Target Support Files/Pods-RolodexAppTests/Pods-RolodexAppTests-resources.sh\"\n";
			showEnvVarsInLog = 0;
		};
		83FEF56916A73C768755B4A0 /* [CP] Check Pods Manifest.lock */ = {
			isa = PBXShellScriptBuildPhase;
			buildActionMask = 2147483647;
			files = (
			);
			inputPaths = (
				"${PODS_PODFILE_DIR_PATH}/Podfile.lock",
				"${PODS_ROOT}/Manifest.lock",
			);
			name = "[CP] Check Pods Manifest.lock";
			outputPaths = (
				"$(DERIVED_FILE_DIR)/Pods-RolodexAppTests-checkManifestLockResult.txt",
			);
			runOnlyForDeploymentPostprocessing = 0;
			shellPath = /bin/sh;
			shellScript = "diff \"${PODS_PODFILE_DIR_PATH}/Podfile.lock\" \"${PODS_ROOT}/Manifest.lock\" > /dev/null\nif [ $? != 0 ] ; then\n    # print error to STDERR\n    echo \"error: The sandbox is not in sync with the Podfile.lock. Run 'pod install' or update your CocoaPods installation.\" >&2\n    exit 1\nfi\n# This output is used by Xcode 'outputs' to avoid re-running this script phase.\necho \"SUCCESS\" > \"${SCRIPT_OUTPUT_FILE_0}\"\n";
			showEnvVarsInLog = 0;
		};
		ABDC0BFA7B2EDCB51F120A60 /* [CP] Copy Pods Resources */ = {
			isa = PBXShellScriptBuildPhase;
			buildActionMask = 2147483647;
			files = (
			);
			inputPaths = (
			);
			name = "[CP] Copy Pods Resources";
			outputPaths = (
			);
			runOnlyForDeploymentPostprocessing = 0;
			shellPath = /bin/sh;
			shellScript = "\"${SRCROOT}/Pods/Target Support Files/Pods-RolodexApp/Pods-RolodexApp-resources.sh\"\n";
			showEnvVarsInLog = 0;
		};
		B33E3DC2D93B72F4B0498B75 /* [CP] Copy Pods Resources */ = {
			isa = PBXShellScriptBuildPhase;
			buildActionMask = 2147483647;
			files = (
			);
			inputPaths = (
			);
			name = "[CP] Copy Pods Resources";
			outputPaths = (
			);
			runOnlyForDeploymentPostprocessing = 0;
			shellPath = /bin/sh;
			shellScript = "\"${SRCROOT}/Pods/Target Support Files/Pods-RolodexAppUITests/Pods-RolodexAppUITests-resources.sh\"\n";
			showEnvVarsInLog = 0;
		};
		C9CE92DE05D749EB8D3B93E9 /* [CP] Check Pods Manifest.lock */ = {
			isa = PBXShellScriptBuildPhase;
			buildActionMask = 2147483647;
			files = (
			);
			inputPaths = (
				"${PODS_PODFILE_DIR_PATH}/Podfile.lock",
				"${PODS_ROOT}/Manifest.lock",
			);
			name = "[CP] Check Pods Manifest.lock";
			outputPaths = (
				"$(DERIVED_FILE_DIR)/Pods-RolodexAppUITests-checkManifestLockResult.txt",
			);
			runOnlyForDeploymentPostprocessing = 0;
			shellPath = /bin/sh;
			shellScript = "diff \"${PODS_PODFILE_DIR_PATH}/Podfile.lock\" \"${PODS_ROOT}/Manifest.lock\" > /dev/null\nif [ $? != 0 ] ; then\n    # print error to STDERR\n    echo \"error: The sandbox is not in sync with the Podfile.lock. Run 'pod install' or update your CocoaPods installation.\" >&2\n    exit 1\nfi\n# This output is used by Xcode 'outputs' to avoid re-running this script phase.\necho \"SUCCESS\" > \"${SCRIPT_OUTPUT_FILE_0}\"\n";
			showEnvVarsInLog = 0;
		};
/* End PBXShellScriptBuildPhase section */

/* Begin PBXSourcesBuildPhase section */
		8496473E2028FF2A00F4B3B4 /* Sources */ = {
			isa = PBXSourcesBuildPhase;
			buildActionMask = 2147483647;
			files = (
				84964779202907C700F4B3B4 /* DataSourceHelper.swift in Sources */,
				8496477B2029106300F4B3B4 /* PersonCell.swift in Sources */,
				849647772029049C00F4B3B4 /* Person.swift in Sources */,
				8496477D20291FCC00F4B3B4 /* PersonDetails.swift in Sources */,
				849647482028FF2A00F4B3B4 /* ViewController.swift in Sources */,
				849647462028FF2A00F4B3B4 /* AppDelegate.swift in Sources */,
			);
			runOnlyForDeploymentPostprocessing = 0;
		};
		849647522028FF2B00F4B3B4 /* Sources */ = {
			isa = PBXSourcesBuildPhase;
			buildActionMask = 2147483647;
			files = (
				8496475B2028FF2B00F4B3B4 /* RolodexAppTests.swift in Sources */,
			);
			runOnlyForDeploymentPostprocessing = 0;
		};
		8496475D2028FF2B00F4B3B4 /* Sources */ = {
			isa = PBXSourcesBuildPhase;
			buildActionMask = 2147483647;
			files = (
				849647662028FF2B00F4B3B4 /* RolodexAppUITests.swift in Sources */,
			);
			runOnlyForDeploymentPostprocessing = 0;
		};
/* End PBXSourcesBuildPhase section */

/* Begin PBXTargetDependency section */
		849647582028FF2B00F4B3B4 /* PBXTargetDependency */ = {
			isa = PBXTargetDependency;
			target = 849647412028FF2A00F4B3B4 /* RolodexApp */;
			targetProxy = 849647572028FF2B00F4B3B4 /* PBXContainerItemProxy */;
		};
		849647632028FF2B00F4B3B4 /* PBXTargetDependency */ = {
			isa = PBXTargetDependency;
			target = 849647412028FF2A00F4B3B4 /* RolodexApp */;
			targetProxy = 849647622028FF2B00F4B3B4 /* PBXContainerItemProxy */;
		};
/* End PBXTargetDependency section */

/* Begin PBXVariantGroup section */
		849647492028FF2A00F4B3B4 /* Main.storyboard */ = {
			isa = PBXVariantGroup;
			children = (
				8496474A2028FF2A00F4B3B4 /* Base */,
			);
			name = Main.storyboard;
			sourceTree = "<group>";
		};
		8496474E2028FF2A00F4B3B4 /* LaunchScreen.storyboard */ = {
			isa = PBXVariantGroup;
			children = (
				8496474F2028FF2A00F4B3B4 /* Base */,
			);
			name = LaunchScreen.storyboard;
			sourceTree = "<group>";
		};
/* End PBXVariantGroup section */

/* Begin XCBuildConfiguration section */
		849647682028FF2B00F4B3B4 /* Debug */ = {
			isa = XCBuildConfiguration;
			buildSettings = {
				ALWAYS_SEARCH_USER_PATHS = NO;
				CLANG_ANALYZER_NONNULL = YES;
				CLANG_ANALYZER_NUMBER_OBJECT_CONVERSION = YES_AGGRESSIVE;
				CLANG_CXX_LANGUAGE_STANDARD = "gnu++14";
				CLANG_CXX_LIBRARY = "libc++";
				CLANG_ENABLE_MODULES = YES;
				CLANG_ENABLE_OBJC_ARC = YES;
				CLANG_WARN_BLOCK_CAPTURE_AUTORELEASING = YES;
				CLANG_WARN_BOOL_CONVERSION = YES;
				CLANG_WARN_COMMA = YES;
				CLANG_WARN_CONSTANT_CONVERSION = YES;
				CLANG_WARN_DIRECT_OBJC_ISA_USAGE = YES_ERROR;
				CLANG_WARN_DOCUMENTATION_COMMENTS = YES;
				CLANG_WARN_EMPTY_BODY = YES;
				CLANG_WARN_ENUM_CONVERSION = YES;
				CLANG_WARN_INFINITE_RECURSION = YES;
				CLANG_WARN_INT_CONVERSION = YES;
				CLANG_WARN_NON_LITERAL_NULL_CONVERSION = YES;
				CLANG_WARN_OBJC_LITERAL_CONVERSION = YES;
				CLANG_WARN_OBJC_ROOT_CLASS = YES_ERROR;
				CLANG_WARN_RANGE_LOOP_ANALYSIS = YES;
				CLANG_WARN_STRICT_PROTOTYPES = YES;
				CLANG_WARN_SUSPICIOUS_MOVE = YES;
				CLANG_WARN_UNGUARDED_AVAILABILITY = YES_AGGRESSIVE;
				CLANG_WARN_UNREACHABLE_CODE = YES;
				CLANG_WARN__DUPLICATE_METHOD_MATCH = YES;
				CODE_SIGN_IDENTITY = "iPhone Developer";
				COPY_PHASE_STRIP = NO;
				DEBUG_INFORMATION_FORMAT = dwarf;
				ENABLE_STRICT_OBJC_MSGSEND = YES;
				ENABLE_TESTABILITY = YES;
				GCC_C_LANGUAGE_STANDARD = gnu11;
				GCC_DYNAMIC_NO_PIC = NO;
				GCC_NO_COMMON_BLOCKS = YES;
				GCC_OPTIMIZATION_LEVEL = 0;
				GCC_PREPROCESSOR_DEFINITIONS = (
					"DEBUG=1",
					"$(inherited)",
				);
				GCC_WARN_64_TO_32_BIT_CONVERSION = YES;
				GCC_WARN_ABOUT_RETURN_TYPE = YES_ERROR;
				GCC_WARN_UNDECLARED_SELECTOR = YES;
				GCC_WARN_UNINITIALIZED_AUTOS = YES_AGGRESSIVE;
				GCC_WARN_UNUSED_FUNCTION = YES;
				GCC_WARN_UNUSED_VARIABLE = YES;
				IPHONEOS_DEPLOYMENT_TARGET = 11.2;
				MTL_ENABLE_DEBUG_INFO = YES;
				ONLY_ACTIVE_ARCH = YES;
				SDKROOT = iphoneos;
				SWIFT_ACTIVE_COMPILATION_CONDITIONS = DEBUG;
				SWIFT_OPTIMIZATION_LEVEL = "-Onone";
			};
			name = Debug;
		};
		849647692028FF2B00F4B3B4 /* Release */ = {
			isa = XCBuildConfiguration;
			buildSettings = {
				ALWAYS_SEARCH_USER_PATHS = NO;
				CLANG_ANALYZER_NONNULL = YES;
				CLANG_ANALYZER_NUMBER_OBJECT_CONVERSION = YES_AGGRESSIVE;
				CLANG_CXX_LANGUAGE_STANDARD = "gnu++14";
				CLANG_CXX_LIBRARY = "libc++";
				CLANG_ENABLE_MODULES = YES;
				CLANG_ENABLE_OBJC_ARC = YES;
				CLANG_WARN_BLOCK_CAPTURE_AUTORELEASING = YES;
				CLANG_WARN_BOOL_CONVERSION = YES;
				CLANG_WARN_COMMA = YES;
				CLANG_WARN_CONSTANT_CONVERSION = YES;
				CLANG_WARN_DIRECT_OBJC_ISA_USAGE = YES_ERROR;
				CLANG_WARN_DOCUMENTATION_COMMENTS = YES;
				CLANG_WARN_EMPTY_BODY = YES;
				CLANG_WARN_ENUM_CONVERSION = YES;
				CLANG_WARN_INFINITE_RECURSION = YES;
				CLANG_WARN_INT_CONVERSION = YES;
				CLANG_WARN_NON_LITERAL_NULL_CONVERSION = YES;
				CLANG_WARN_OBJC_LITERAL_CONVERSION = YES;
				CLANG_WARN_OBJC_ROOT_CLASS = YES_ERROR;
				CLANG_WARN_RANGE_LOOP_ANALYSIS = YES;
				CLANG_WARN_STRICT_PROTOTYPES = YES;
				CLANG_WARN_SUSPICIOUS_MOVE = YES;
				CLANG_WARN_UNGUARDED_AVAILABILITY = YES_AGGRESSIVE;
				CLANG_WARN_UNREACHABLE_CODE = YES;
				CLANG_WARN__DUPLICATE_METHOD_MATCH = YES;
				CODE_SIGN_IDENTITY = "iPhone Developer";
				COPY_PHASE_STRIP = NO;
				DEBUG_INFORMATION_FORMAT = "dwarf-with-dsym";
				ENABLE_NS_ASSERTIONS = NO;
				ENABLE_STRICT_OBJC_MSGSEND = YES;
				GCC_C_LANGUAGE_STANDARD = gnu11;
				GCC_NO_COMMON_BLOCKS = YES;
				GCC_WARN_64_TO_32_BIT_CONVERSION = YES;
				GCC_WARN_ABOUT_RETURN_TYPE = YES_ERROR;
				GCC_WARN_UNDECLARED_SELECTOR = YES;
				GCC_WARN_UNINITIALIZED_AUTOS = YES_AGGRESSIVE;
				GCC_WARN_UNUSED_FUNCTION = YES;
				GCC_WARN_UNUSED_VARIABLE = YES;
				IPHONEOS_DEPLOYMENT_TARGET = 11.2;
				MTL_ENABLE_DEBUG_INFO = NO;
				SDKROOT = iphoneos;
				SWIFT_OPTIMIZATION_LEVEL = "-Owholemodule";
				VALIDATE_PRODUCT = YES;
			};
			name = Release;
		};
		8496476B2028FF2B00F4B3B4 /* Debug */ = {
			isa = XCBuildConfiguration;
			baseConfigurationReference = CAFDBEC587E34329769D9394 /* Pods-RolodexApp.debug.xcconfig */;
			buildSettings = {
				ASSETCATALOG_COMPILER_APPICON_NAME = AppIcon;
				CODE_SIGN_STYLE = Automatic;
				INFOPLIST_FILE = RolodexApp/Info.plist;
				LD_RUNPATH_SEARCH_PATHS = "$(inherited) @executable_path/Frameworks";
				PRODUCT_BUNDLE_IDENTIFIER = com.ikjot.RolodexApp;
				PRODUCT_NAME = "$(TARGET_NAME)";
				SWIFT_VERSION = 4.0;
				TARGETED_DEVICE_FAMILY = "1,2";
			};
			name = Debug;
		};
		8496476C2028FF2B00F4B3B4 /* Release */ = {
			isa = XCBuildConfiguration;
			baseConfigurationReference = 8CE7C3E965235A24CE1A4754 /* Pods-RolodexApp.release.xcconfig */;
			buildSettings = {
				ASSETCATALOG_COMPILER_APPICON_NAME = AppIcon;
				CODE_SIGN_STYLE = Automatic;
				INFOPLIST_FILE = RolodexApp/Info.plist;
				LD_RUNPATH_SEARCH_PATHS = "$(inherited) @executable_path/Frameworks";
				PRODUCT_BUNDLE_IDENTIFIER = com.ikjot.RolodexApp;
				PRODUCT_NAME = "$(TARGET_NAME)";
				SWIFT_VERSION = 4.0;
				TARGETED_DEVICE_FAMILY = "1,2";
			};
			name = Release;
		};
		8496476E2028FF2B00F4B3B4 /* Debug */ = {
			isa = XCBuildConfiguration;
			baseConfigurationReference = F630E38B58D5ACCD25643786 /* Pods-RolodexAppTests.debug.xcconfig */;
			buildSettings = {
				ALWAYS_EMBED_SWIFT_STANDARD_LIBRARIES = YES;
				BUNDLE_LOADER = "$(TEST_HOST)";
				CODE_SIGN_STYLE = Automatic;
				INFOPLIST_FILE = RolodexAppTests/Info.plist;
				LD_RUNPATH_SEARCH_PATHS = "$(inherited) @executable_path/Frameworks @loader_path/Frameworks";
				PRODUCT_BUNDLE_IDENTIFIER = com.ikjot.RolodexAppTests;
				PRODUCT_NAME = "$(TARGET_NAME)";
				SWIFT_VERSION = 4.0;
				TARGETED_DEVICE_FAMILY = "1,2";
				TEST_HOST = "$(BUILT_PRODUCTS_DIR)/RolodexApp.app/RolodexApp";
			};
			name = Debug;
		};
		8496476F2028FF2B00F4B3B4 /* Release */ = {
			isa = XCBuildConfiguration;
			baseConfigurationReference = 66A1F79DA7A07868A1B13BF0 /* Pods-RolodexAppTests.release.xcconfig */;
			buildSettings = {
				ALWAYS_EMBED_SWIFT_STANDARD_LIBRARIES = YES;
				BUNDLE_LOADER = "$(TEST_HOST)";
				CODE_SIGN_STYLE = Automatic;
				INFOPLIST_FILE = RolodexAppTests/Info.plist;
				LD_RUNPATH_SEARCH_PATHS = "$(inherited) @executable_path/Frameworks @loader_path/Frameworks";
				PRODUCT_BUNDLE_IDENTIFIER = com.ikjot.RolodexAppTests;
				PRODUCT_NAME = "$(TARGET_NAME)";
				SWIFT_VERSION = 4.0;
				TARGETED_DEVICE_FAMILY = "1,2";
				TEST_HOST = "$(BUILT_PRODUCTS_DIR)/RolodexApp.app/RolodexApp";
			};
			name = Release;
		};
		849647712028FF2B00F4B3B4 /* Debug */ = {
			isa = XCBuildConfiguration;
			baseConfigurationReference = CDE581DF9335A8C9E1C309A1 /* Pods-RolodexAppUITests.debug.xcconfig */;
			buildSettings = {
				ALWAYS_EMBED_SWIFT_STANDARD_LIBRARIES = YES;
				CODE_SIGN_STYLE = Automatic;
				INFOPLIST_FILE = RolodexAppUITests/Info.plist;
				LD_RUNPATH_SEARCH_PATHS = "$(inherited) @executable_path/Frameworks @loader_path/Frameworks";
				PRODUCT_BUNDLE_IDENTIFIER = com.ikjot.RolodexAppUITests;
				PRODUCT_NAME = "$(TARGET_NAME)";
				SWIFT_VERSION = 4.0;
				TARGETED_DEVICE_FAMILY = "1,2";
				TEST_TARGET_NAME = RolodexApp;
			};
			name = Debug;
		};
		849647722028FF2B00F4B3B4 /* Release */ = {
			isa = XCBuildConfiguration;
			baseConfigurationReference = 760C370CD75771CCEC1BD046 /* Pods-RolodexAppUITests.release.xcconfig */;
			buildSettings = {
				ALWAYS_EMBED_SWIFT_STANDARD_LIBRARIES = YES;
				CODE_SIGN_STYLE = Automatic;
				INFOPLIST_FILE = RolodexAppUITests/Info.plist;
				LD_RUNPATH_SEARCH_PATHS = "$(inherited) @executable_path/Frameworks @loader_path/Frameworks";
				PRODUCT_BUNDLE_IDENTIFIER = com.ikjot.RolodexAppUITests;
				PRODUCT_NAME = "$(TARGET_NAME)";
				SWIFT_VERSION = 4.0;
				TARGETED_DEVICE_FAMILY = "1,2";
				TEST_TARGET_NAME = RolodexApp;
			};
			name = Release;
		};
/* End XCBuildConfiguration section */

/* Begin XCConfigurationList section */
		8496473D2028FF2A00F4B3B4 /* Build configuration list for PBXProject "RolodexApp" */ = {
			isa = XCConfigurationList;
			buildConfigurations = (
				849647682028FF2B00F4B3B4 /* Debug */,
				849647692028FF2B00F4B3B4 /* Release */,
			);
			defaultConfigurationIsVisible = 0;
			defaultConfigurationName = Release;
		};
		8496476A2028FF2B00F4B3B4 /* Build configuration list for PBXNativeTarget "RolodexApp" */ = {
			isa = XCConfigurationList;
			buildConfigurations = (
				8496476B2028FF2B00F4B3B4 /* Debug */,
				8496476C2028FF2B00F4B3B4 /* Release */,
			);
			defaultConfigurationIsVisible = 0;
			defaultConfigurationName = Release;
		};
		8496476D2028FF2B00F4B3B4 /* Build configuration list for PBXNativeTarget "RolodexAppTests" */ = {
			isa = XCConfigurationList;
			buildConfigurations = (
				8496476E2028FF2B00F4B3B4 /* Debug */,
				8496476F2028FF2B00F4B3B4 /* Release */,
			);
			defaultConfigurationIsVisible = 0;
			defaultConfigurationName = Release;
		};
		849647702028FF2B00F4B3B4 /* Build configuration list for PBXNativeTarget "RolodexAppUITests" */ = {
			isa = XCConfigurationList;
			buildConfigurations = (
				849647712028FF2B00F4B3B4 /* Debug */,
				849647722028FF2B00F4B3B4 /* Release */,
			);
			defaultConfigurationIsVisible = 0;
			defaultConfigurationName = Release;
		};
/* End XCConfigurationList section */
	};
	rootObject = 8496473A2028FF2A00F4B3B4 /* Project object */;
}
